
Microsoft Visual Studio Solution File, Format Version 12.00
# Visual Studio Version 17
VisualStudioVersion = 17.1.32319.34
MinimumVisualStudioVersion = 10.0.40219.1
Project("{2150E333-8FDC-42A3-9474-1A3956D46DE8}") = "Services", "Services", "{385CDAB5-A755-4E2C-BEC3-62AF2BF2FC58}"
EndProject
Project("{2150E333-8FDC-42A3-9474-1A3956D46DE8}") = "Catalog", "Catalog", "{F6426E00-BC9C-4C80-A0D4-55E425553F25}"
EndProject
Project("{9A19103F-16F7-4668-BE54-9A1E7A4F7556}") = "FreeCourse.Services.Catalog", "Services\Catalog\FreeCourse.Services.Catalog\FreeCourse.Services.Catalog.csproj", "{E171B538-D48D-4382-80FF-FCC807754361}"
EndProject
Project("{2150E333-8FDC-42A3-9474-1A3956D46DE8}") = "Solution Items", "Solution Items", "{24D7F818-B4D8-4E49-93D4-B6E0A343431D}"
	ProjectSection(SolutionItems) = preProject
		Ports.txt = Ports.txt
	EndProjectSection
EndProject
Project("{2150E333-8FDC-42A3-9474-1A3956D46DE8}") = "Shared", "Shared", "{9756EAAF-9F5C-4D62-BC24-0586B86073DF}"
EndProject
Project("{9A19103F-16F7-4668-BE54-9A1E7A4F7556}") = "FreeCourse.Shared", "Shared\FreeCourse.Shared\FreeCourse.Shared.csproj", "{36C6F280-A276-4BD2-9D11-80EDDD487673}"
EndProject
Project("{2150E333-8FDC-42A3-9474-1A3956D46DE8}") = "IdentityServer", "IdentityServer", "{0572D87B-2818-4334-B325-B5ABE9CCB2DB}"
EndProject
Project("{9A19103F-16F7-4668-BE54-9A1E7A4F7556}") = "FreeCourse.IdentityServer", "IdentityServer\FreeCourse.IdentityServer\FreeCourse.IdentityServer.csproj", "{C40485B4-82CA-427E-9FFC-9681860D21A7}"
EndProject
Project("{2150E333-8FDC-42A3-9474-1A3956D46DE8}") = "PhotoStock", "PhotoStock", "{E0CCD787-4ECA-4C38-A4D1-983A75CA2EB4}"
EndProject
Project("{9A19103F-16F7-4668-BE54-9A1E7A4F7556}") = "FreeCourse.Services.PhotoStock", "Services\PhotoStock\FreeCourse.Services.PhotoStock\FreeCourse.Services.PhotoStock.csproj", "{AE5342D1-44AB-425A-BA1F-1774F17F82D8}"
EndProject
Project("{2150E333-8FDC-42A3-9474-1A3956D46DE8}") = "Basket", "Basket", "{17E49C6E-F773-421E-9E3E-F3AF7912065A}"
EndProject
Project("{9A19103F-16F7-4668-BE54-9A1E7A4F7556}") = "FreeCourse.Services.Basket", "Services\Basket\FreeCourse.Services.Basket\FreeCourse.Services.Basket.csproj", "{D193B60C-EF8B-46F2-B8E8-91F469488D65}"
EndProject
Project("{2150E333-8FDC-42A3-9474-1A3956D46DE8}") = "Discount", "Discount", "{5898886A-31B6-466C-84BF-3F0F1FF576E1}"
EndProject
Project("{9A19103F-16F7-4668-BE54-9A1E7A4F7556}") = "FreeCourse.Services.Discount", "Services\Discount\FreeCourse.Services.Discount\FreeCourse.Services.Discount.csproj", "{87B8A7DD-85BE-45B1-B968-318AEF8899DB}"
EndProject
Project("{2150E333-8FDC-42A3-9474-1A3956D46DE8}") = "Order", "Order", "{A6C768DD-C625-43B9-8AA3-D83FD02DAE05}"
EndProject
Project("{9A19103F-16F7-4668-BE54-9A1E7A4F7556}") = "FreeCourse.Services.Order.API", "Services\Order\FreeCourse.Services.Order.API\FreeCourse.Services.Order.API.csproj", "{DAFF751A-701F-47C7-975F-9E5BD812F5FD}"
EndProject
Project("{9A19103F-16F7-4668-BE54-9A1E7A4F7556}") = "FreeCourse.Services.Order.Application", "Services\Order\FreeCourse.Services.Order.Application\FreeCourse.Services.Order.Application.csproj", "{2FFC40F3-48F0-42F4-B7D9-D90AD005FE07}"
EndProject
Project("{9A19103F-16F7-4668-BE54-9A1E7A4F7556}") = "FreeCourse.Services.Order.Domain", "Services\Order\FreeCourse.Services.Order.Domain\FreeCourse.Services.Order.Domain.csproj", "{841B951B-DD30-4D59-8AB5-19D42766C754}"
EndProject
Project("{9A19103F-16F7-4668-BE54-9A1E7A4F7556}") = "FreeCourse.Services.Order.Domain.Core", "Services\Order\FreeCourse.Services.Order.Domain.Core\FreeCourse.Services.Order.Domain.Core.csproj", "{CD064990-7B89-422D-95EB-E535CC3FA52C}"
EndProject
Project("{9A19103F-16F7-4668-BE54-9A1E7A4F7556}") = "FreeCourse.Services.Order.Infrastructure", "Services\Order\FreeCourse.Services.Order.Infrastructure\FreeCourse.Services.Order.Infrastructure.csproj", "{FCB52469-B29F-498C-BD58-9445DD57DF1F}"
EndProject
Project("{2150E333-8FDC-42A3-9474-1A3956D46DE8}") = "FakePayment", "FakePayment", "{50575C9F-BAB7-4415-8C62-8435FD4BC203}"
EndProject
Project("{FAE04EC0-301F-11D3-BF4B-00C04F79EFBC}") = "FreeCourse.Services.FakePayment", "Services\FakePayment\FreeCourse.Services.FakePayment\FreeCourse.Services.FakePayment.csproj", "{52023F94-E84C-4119-B350-2182BEB88923}"
EndProject
Project("{2150E333-8FDC-42A3-9474-1A3956D46DE8}") = "Gateways", "Gateways", "{87DD658C-1BA2-43DD-B2E5-F547732712CB}"
EndProject
Project("{FAE04EC0-301F-11D3-BF4B-00C04F79EFBC}") = "FreeCourse.Gateway", "FreeCourse.Gateway\FreeCourse.Gateway.csproj", "{9A974A0E-C087-490E-81F0-2430DBF255BB}"
EndProject
Global
	GlobalSection(SolutionConfigurationPlatforms) = preSolution
		Debug|Any CPU = Debug|Any CPU
		Release|Any CPU = Release|Any CPU
	EndGlobalSection
	GlobalSection(ProjectConfigurationPlatforms) = postSolution
		{E171B538-D48D-4382-80FF-FCC807754361}.Debug|Any CPU.ActiveCfg = Debug|Any CPU
		{E171B538-D48D-4382-80FF-FCC807754361}.Debug|Any CPU.Build.0 = Debug|Any CPU
		{E171B538-D48D-4382-80FF-FCC807754361}.Release|Any CPU.ActiveCfg = Release|Any CPU
		{E171B538-D48D-4382-80FF-FCC807754361}.Release|Any CPU.Build.0 = Release|Any CPU
		{36C6F280-A276-4BD2-9D11-80EDDD487673}.Debug|Any CPU.ActiveCfg = Debug|Any CPU
		{36C6F280-A276-4BD2-9D11-80EDDD487673}.Debug|Any CPU.Build.0 = Debug|Any CPU
		{36C6F280-A276-4BD2-9D11-80EDDD487673}.Release|Any CPU.ActiveCfg = Release|Any CPU
		{36C6F280-A276-4BD2-9D11-80EDDD487673}.Release|Any CPU.Build.0 = Release|Any CPU
		{C40485B4-82CA-427E-9FFC-9681860D21A7}.Debug|Any CPU.ActiveCfg = Debug|Any CPU
		{C40485B4-82CA-427E-9FFC-9681860D21A7}.Debug|Any CPU.Build.0 = Debug|Any CPU
		{C40485B4-82CA-427E-9FFC-9681860D21A7}.Release|Any CPU.ActiveCfg = Release|Any CPU
		{C40485B4-82CA-427E-9FFC-9681860D21A7}.Release|Any CPU.Build.0 = Release|Any CPU
		{AE5342D1-44AB-425A-BA1F-1774F17F82D8}.Debug|Any CPU.ActiveCfg = Debug|Any CPU
		{AE5342D1-44AB-425A-BA1F-1774F17F82D8}.Debug|Any CPU.Build.0 = Debug|Any CPU
		{AE5342D1-44AB-425A-BA1F-1774F17F82D8}.Release|Any CPU.ActiveCfg = Release|Any CPU
		{AE5342D1-44AB-425A-BA1F-1774F17F82D8}.Release|Any CPU.Build.0 = Release|Any CPU
		{D193B60C-EF8B-46F2-B8E8-91F469488D65}.Debug|Any CPU.ActiveCfg = Debug|Any CPU
		{D193B60C-EF8B-46F2-B8E8-91F469488D65}.Debug|Any CPU.Build.0 = Debug|Any CPU
		{D193B60C-EF8B-46F2-B8E8-91F469488D65}.Release|Any CPU.ActiveCfg = Release|Any CPU
		{D193B60C-EF8B-46F2-B8E8-91F469488D65}.Release|Any CPU.Build.0 = Release|Any CPU
		{87B8A7DD-85BE-45B1-B968-318AEF8899DB}.Debug|Any CPU.ActiveCfg = Debug|Any CPU
		{87B8A7DD-85BE-45B1-B968-318AEF8899DB}.Debug|Any CPU.Build.0 = Debug|Any CPU
		{87B8A7DD-85BE-45B1-B968-318AEF8899DB}.Release|Any CPU.ActiveCfg = Release|Any CPU
		{87B8A7DD-85BE-45B1-B968-318AEF8899DB}.Release|Any CPU.Build.0 = Release|Any CPU
		{DAFF751A-701F-47C7-975F-9E5BD812F5FD}.Debug|Any CPU.ActiveCfg = Debug|Any CPU
		{DAFF751A-701F-47C7-975F-9E5BD812F5FD}.Debug|Any CPU.Build.0 = Debug|Any CPU
		{DAFF751A-701F-47C7-975F-9E5BD812F5FD}.Release|Any CPU.ActiveCfg = Release|Any CPU
		{DAFF751A-701F-47C7-975F-9E5BD812F5FD}.Release|Any CPU.Build.0 = Release|Any CPU
		{2FFC40F3-48F0-42F4-B7D9-D90AD005FE07}.Debug|Any CPU.ActiveCfg = Debug|Any CPU
		{2FFC40F3-48F0-42F4-B7D9-D90AD005FE07}.Debug|Any CPU.Build.0 = Debug|Any CPU
		{2FFC40F3-48F0-42F4-B7D9-D90AD005FE07}.Release|Any CPU.ActiveCfg = Release|Any CPU
		{2FFC40F3-48F0-42F4-B7D9-D90AD005FE07}.Release|Any CPU.Build.0 = Release|Any CPU
		{841B951B-DD30-4D59-8AB5-19D42766C754}.Debug|Any CPU.ActiveCfg = Debug|Any CPU
		{841B951B-DD30-4D59-8AB5-19D42766C754}.Debug|Any CPU.Build.0 = Debug|Any CPU
		{841B951B-DD30-4D59-8AB5-19D42766C754}.Release|Any CPU.ActiveCfg = Release|Any CPU
		{841B951B-DD30-4D59-8AB5-19D42766C754}.Release|Any CPU.Build.0 = Release|Any CPU
		{CD064990-7B89-422D-95EB-E535CC3FA52C}.Debug|Any CPU.ActiveCfg = Debug|Any CPU
		{CD064990-7B89-422D-95EB-E535CC3FA52C}.Debug|Any CPU.Build.0 = Debug|Any CPU
		{CD064990-7B89-422D-95EB-E535CC3FA52C}.Release|Any CPU.ActiveCfg = Release|Any CPU
		{CD064990-7B89-422D-95EB-E535CC3FA52C}.Release|Any CPU.Build.0 = Release|Any CPU
		{FCB52469-B29F-498C-BD58-9445DD57DF1F}.Debug|Any CPU.ActiveCfg = Debug|Any CPU
		{FCB52469-B29F-498C-BD58-9445DD57DF1F}.Debug|Any CPU.Build.0 = Debug|Any CPU
		{FCB52469-B29F-498C-BD58-9445DD57DF1F}.Release|Any CPU.ActiveCfg = Release|Any CPU
		{FCB52469-B29F-498C-BD58-9445DD57DF1F}.Release|Any CPU.Build.0 = Release|Any CPU
		{52023F94-E84C-4119-B350-2182BEB88923}.Debug|Any CPU.ActiveCfg = Debug|Any CPU
		{52023F94-E84C-4119-B350-2182BEB88923}.Debug|Any CPU.Build.0 = Debug|Any CPU
		{52023F94-E84C-4119-B350-2182BEB88923}.Release|Any CPU.ActiveCfg = Release|Any CPU
		{52023F94-E84C-4119-B350-2182BEB88923}.Release|Any CPU.Build.0 = Release|Any CPU
		{9A974A0E-C087-490E-81F0-2430DBF255BB}.Debug|Any CPU.ActiveCfg = Debug|Any CPU
		{9A974A0E-C087-490E-81F0-2430DBF255BB}.Debug|Any CPU.Build.0 = Debug|Any CPU
		{9A974A0E-C087-490E-81F0-2430DBF255BB}.Release|Any CPU.ActiveCfg = Release|Any CPU
		{9A974A0E-C087-490E-81F0-2430DBF255BB}.Release|Any CPU.Build.0 = Release|Any CPU
	EndGlobalSection
	GlobalSection(SolutionProperties) = preSolution
		HideSolutionNode = FALSE
	EndGlobalSection
	GlobalSection(NestedProjects) = preSolution
		{F6426E00-BC9C-4C80-A0D4-55E425553F25} = {385CDAB5-A755-4E2C-BEC3-62AF2BF2FC58}
		{E171B538-D48D-4382-80FF-FCC807754361} = {F6426E00-BC9C-4C80-A0D4-55E425553F25}
		{36C6F280-A276-4BD2-9D11-80EDDD487673} = {9756EAAF-9F5C-4D62-BC24-0586B86073DF}
		{C40485B4-82CA-427E-9FFC-9681860D21A7} = {0572D87B-2818-4334-B325-B5ABE9CCB2DB}
		{E0CCD787-4ECA-4C38-A4D1-983A75CA2EB4} = {385CDAB5-A755-4E2C-BEC3-62AF2BF2FC58}
		{AE5342D1-44AB-425A-BA1F-1774F17F82D8} = {E0CCD787-4ECA-4C38-A4D1-983A75CA2EB4}
		{17E49C6E-F773-421E-9E3E-F3AF7912065A} = {385CDAB5-A755-4E2C-BEC3-62AF2BF2FC58}
		{D193B60C-EF8B-46F2-B8E8-91F469488D65} = {17E49C6E-F773-421E-9E3E-F3AF7912065A}
		{5898886A-31B6-466C-84BF-3F0F1FF576E1} = {385CDAB5-A755-4E2C-BEC3-62AF2BF2FC58}
		{87B8A7DD-85BE-45B1-B968-318AEF8899DB} = {5898886A-31B6-466C-84BF-3F0F1FF576E1}
		{A6C768DD-C625-43B9-8AA3-D83FD02DAE05} = {385CDAB5-A755-4E2C-BEC3-62AF2BF2FC58}
		{DAFF751A-701F-47C7-975F-9E5BD812F5FD} = {A6C768DD-C625-43B9-8AA3-D83FD02DAE05}
		{2FFC40F3-48F0-42F4-B7D9-D90AD005FE07} = {A6C768DD-C625-43B9-8AA3-D83FD02DAE05}
		{841B951B-DD30-4D59-8AB5-19D42766C754} = {A6C768DD-C625-43B9-8AA3-D83FD02DAE05}
		{CD064990-7B89-422D-95EB-E535CC3FA52C} = {A6C768DD-C625-43B9-8AA3-D83FD02DAE05}
		{FCB52469-B29F-498C-BD58-9445DD57DF1F} = {A6C768DD-C625-43B9-8AA3-D83FD02DAE05}
		{50575C9F-BAB7-4415-8C62-8435FD4BC203} = {385CDAB5-A755-4E2C-BEC3-62AF2BF2FC58}
		{52023F94-E84C-4119-B350-2182BEB88923} = {50575C9F-BAB7-4415-8C62-8435FD4BC203}
		{9A974A0E-C087-490E-81F0-2430DBF255BB} = {87DD658C-1BA2-43DD-B2E5-F547732712CB}
	EndGlobalSection
	GlobalSection(ExtensibilityGlobals) = postSolution
		SolutionGuid = {9DE18E7E-7405-43ED-AD28-F77DC3D7AA6F}
	EndGlobalSection
EndGlobal
